
Microsoft Visual Studio Solution File, Format Version 12.00
# Visual Studio 15
VisualStudioVersion = 15.0.27130.2036
MinimumVisualStudioVersion = 10.0.40219.1
Project("{FAE04EC0-301F-11D3-BF4B-00C04F79EFBC}") = "EhlertProgram11", "EhlertProgram11\EhlertProgram11.csproj", "{D9F19FD4-1B84-48BC-AC1A-154035EE25FC}"
EndProject
Global
	GlobalSection(SolutionConfigurationPlatforms) = preSolution
		Debug|Any CPU = Debug|Any CPU
		Release|Any CPU = Release|Any CPU
	EndGlobalSection
	GlobalSection(ProjectConfigurationPlatforms) = postSolution
		{D9F19FD4-1B84-48BC-AC1A-154035EE25FC}.Debug|Any CPU.ActiveCfg = Debug|Any CPU
		{D9F19FD4-1B84-48BC-AC1A-154035EE25FC}.Debug|Any CPU.Build.0 = Debug|Any CPU
		{D9F19FD4-1B84-48BC-AC1A-154035EE25FC}.Release|Any CPU.ActiveCfg = Release|Any CPU
		{D9F19FD4-1B84-48BC-AC1A-154035EE25FC}.Release|Any CPU.Build.0 = Release|Any CPU
	EndGlobalSection
	GlobalSection(SolutionProperties) = preSolution
		HideSolutionNode = FALSE
	EndGlobalSection
	GlobalSection(ExtensibilityGlobals) = postSolution
		SolutionGuid = {2B5C12F0-B1BC-4BBC-99B9-22E396B5F62C}
	EndGlobalSection
EndGlobal
